
Microsoft Visual Studio Solution File, Format Version 12.00
# Visual Studio 15
VisualStudioVersion = 15.0.27703.2026
MinimumVisualStudioVersion = 10.0.40219.1
Project("{9A19103F-16F7-4668-BE54-9A1E7A4F7556}") = "SharpLife.Engine", "SharpLife.Engine\SharpLife.Engine.csproj", "{960ACFAB-370D-405C-BCB0-E9C3F7125E71}"
EndProject
Project("{9A19103F-16F7-4668-BE54-9A1E7A4F7556}") = "SharpLife.FileSystem", "SharpLife.FileSystem\SharpLife.FileSystem.csproj", "{1B7349D3-7FD4-431A-802B-13278DA66461}"
EndProject
Project("{9A19103F-16F7-4668-BE54-9A1E7A4F7556}") = "SharpLife.Renderer", "SharpLife.Renderer\SharpLife.Renderer.csproj", "{91D2EA0E-D7AD-4EFF-B9A6-BB29E570D5CB}"
EndProject
Project("{9A19103F-16F7-4668-BE54-9A1E7A4F7556}") = "SharpLife.Input", "SharpLife.Input\SharpLife.Input.csproj", "{9EF5894D-AAEF-4CCA-9AF3-C7E93429DA16}"
EndProject
Project("{9A19103F-16F7-4668-BE54-9A1E7A4F7556}") = "SharpLife.Utility", "SharpLife.Utility\SharpLife.Utility.csproj", "{E51D4353-6B17-46F6-80A7-E569AE83841C}"
EndProject
Project("{9A19103F-16F7-4668-BE54-9A1E7A4F7556}") = "SharpLife.CommandSystem", "SharpLife.CommandSystem\SharpLife.CommandSystem.csproj", "{85FD0994-8837-47CC-9E81-D72FE86528B6}"
EndProject
Project("{9A19103F-16F7-4668-BE54-9A1E7A4F7556}") = "SharpLife.Engine.Shared", "SharpLife.Engine.Shared\SharpLife.Engine.Shared.csproj", "{CD9D4ECE-308F-4339-85FA-CDE1B97AC61A}"
EndProject
Project("{9A19103F-16F7-4668-BE54-9A1E7A4F7556}") = "SharpLife.Engine.Client", "SharpLife.Engine.Client\SharpLife.Engine.Client.csproj", "{B126C363-40A8-4685-B9DD-6856807905F3}"
EndProject
Project("{9A19103F-16F7-4668-BE54-9A1E7A4F7556}") = "SharpLife.Engine.Server", "SharpLife.Engine.Server\SharpLife.Engine.Server.csproj", "{58EA5C49-74F3-415E-9829-3D35E00942DF}"
EndProject
Project("{9A19103F-16F7-4668-BE54-9A1E7A4F7556}") = "SharpLife.Game.Client", "SharpLife.Game.Client\SharpLife.Game.Client.csproj", "{00474611-2BC8-4AA1-869C-AFA836D17447}"
EndProject
Project("{9A19103F-16F7-4668-BE54-9A1E7A4F7556}") = "SharpLife.Game.Server", "SharpLife.Game.Server\SharpLife.Game.Server.csproj", "{A7BE8B3C-3AD2-4ECC-96F0-B1B973A38577}"
EndProject
Project("{9A19103F-16F7-4668-BE54-9A1E7A4F7556}") = "SharpLife.Game.Shared", "SharpLife.Game.Shared\SharpLife.Game.Shared.csproj", "{C00BD3A0-2E54-4E87-AD43-74CF2CF7EB13}"
EndProject
Project("{9A19103F-16F7-4668-BE54-9A1E7A4F7556}") = "SharpLife.Networking.Shared", "SharpLife.Networking.Shared\SharpLife.Networking.Shared.csproj", "{26B38FFB-5E47-48A0-9E3F-F93308D4D80A}"
EndProject
Project("{2150E333-8FDC-42A3-9474-1A3956D46DE8}") = "Engine", "Engine", "{793204AF-CC42-4D7D-9273-68F3970BB8A4}"
EndProject
Project("{2150E333-8FDC-42A3-9474-1A3956D46DE8}") = "Game", "Game", "{B532F313-592A-468A-83EB-7D9E250AB199}"
EndProject
Project("{2150E333-8FDC-42A3-9474-1A3956D46DE8}") = "Utility", "Utility", "{D3F00D15-8331-4732-954D-83400870F283}"
EndProject
Project("{9A19103F-16F7-4668-BE54-9A1E7A4F7556}") = "SharpLife.FileFormats", "SharpLife.FileFormats\SharpLife.FileFormats.csproj", "{E71209D4-637B-4ACF-8033-0D858970F309}"
EndProject
Project("{9A19103F-16F7-4668-BE54-9A1E7A4F7556}") = "SharpLife.Models", "SharpLife.Models\SharpLife.Models.csproj", "{FC9DF50E-6FA8-4D85-8D80-513A61BC5743}"
EndProject
Project("{2150E333-8FDC-42A3-9474-1A3956D46DE8}") = "ModelFormats", "ModelFormats", "{D7520E74-0E3A-4ACA-A44D-D669C60A97C1}"
EndProject
Project("{9A19103F-16F7-4668-BE54-9A1E7A4F7556}") = "SharpLife.Models.BSP", "SharpLife.Models.BSP\SharpLife.Models.BSP.csproj", "{0E8BC499-DADD-42AB-A502-10C454F9C477}"
EndProject
Project("{9A19103F-16F7-4668-BE54-9A1E7A4F7556}") = "SharpLife.Models.SPR", "SharpLife.Models.SPR\SharpLife.Models.SPR.csproj", "{F1479E3D-F874-4F86-99AE-8A1B1FDB2A99}"
EndProject
Project("{9A19103F-16F7-4668-BE54-9A1E7A4F7556}") = "SharpLife.Models.MDL", "SharpLife.Models.MDL\SharpLife.Models.MDL.csproj", "{A7FFE5F3-D225-4AFE-B665-AAAF755128EE}"
EndProject
Global
	GlobalSection(SolutionConfigurationPlatforms) = preSolution
		Debug|Any CPU = Debug|Any CPU
		Release|Any CPU = Release|Any CPU
	EndGlobalSection
	GlobalSection(ProjectConfigurationPlatforms) = postSolution
		{960ACFAB-370D-405C-BCB0-E9C3F7125E71}.Debug|Any CPU.ActiveCfg = Debug|Any CPU
		{960ACFAB-370D-405C-BCB0-E9C3F7125E71}.Debug|Any CPU.Build.0 = Debug|Any CPU
		{960ACFAB-370D-405C-BCB0-E9C3F7125E71}.Release|Any CPU.ActiveCfg = Release|Any CPU
		{960ACFAB-370D-405C-BCB0-E9C3F7125E71}.Release|Any CPU.Build.0 = Release|Any CPU
		{1B7349D3-7FD4-431A-802B-13278DA66461}.Debug|Any CPU.ActiveCfg = Debug|Any CPU
		{1B7349D3-7FD4-431A-802B-13278DA66461}.Debug|Any CPU.Build.0 = Debug|Any CPU
		{1B7349D3-7FD4-431A-802B-13278DA66461}.Release|Any CPU.ActiveCfg = Release|Any CPU
		{1B7349D3-7FD4-431A-802B-13278DA66461}.Release|Any CPU.Build.0 = Release|Any CPU
		{91D2EA0E-D7AD-4EFF-B9A6-BB29E570D5CB}.Debug|Any CPU.ActiveCfg = Debug|Any CPU
		{91D2EA0E-D7AD-4EFF-B9A6-BB29E570D5CB}.Debug|Any CPU.Build.0 = Debug|Any CPU
		{91D2EA0E-D7AD-4EFF-B9A6-BB29E570D5CB}.Release|Any CPU.ActiveCfg = Release|Any CPU
		{91D2EA0E-D7AD-4EFF-B9A6-BB29E570D5CB}.Release|Any CPU.Build.0 = Release|Any CPU
		{9EF5894D-AAEF-4CCA-9AF3-C7E93429DA16}.Debug|Any CPU.ActiveCfg = Debug|Any CPU
		{9EF5894D-AAEF-4CCA-9AF3-C7E93429DA16}.Debug|Any CPU.Build.0 = Debug|Any CPU
		{9EF5894D-AAEF-4CCA-9AF3-C7E93429DA16}.Release|Any CPU.ActiveCfg = Release|Any CPU
		{9EF5894D-AAEF-4CCA-9AF3-C7E93429DA16}.Release|Any CPU.Build.0 = Release|Any CPU
		{E51D4353-6B17-46F6-80A7-E569AE83841C}.Debug|Any CPU.ActiveCfg = Debug|Any CPU
		{E51D4353-6B17-46F6-80A7-E569AE83841C}.Debug|Any CPU.Build.0 = Debug|Any CPU
		{E51D4353-6B17-46F6-80A7-E569AE83841C}.Release|Any CPU.ActiveCfg = Release|Any CPU
		{E51D4353-6B17-46F6-80A7-E569AE83841C}.Release|Any CPU.Build.0 = Release|Any CPU
		{85FD0994-8837-47CC-9E81-D72FE86528B6}.Debug|Any CPU.ActiveCfg = Debug|Any CPU
		{85FD0994-8837-47CC-9E81-D72FE86528B6}.Debug|Any CPU.Build.0 = Debug|Any CPU
		{85FD0994-8837-47CC-9E81-D72FE86528B6}.Release|Any CPU.ActiveCfg = Release|Any CPU
		{85FD0994-8837-47CC-9E81-D72FE86528B6}.Release|Any CPU.Build.0 = Release|Any CPU
		{CD9D4ECE-308F-4339-85FA-CDE1B97AC61A}.Debug|Any CPU.ActiveCfg = Debug|Any CPU
		{CD9D4ECE-308F-4339-85FA-CDE1B97AC61A}.Debug|Any CPU.Build.0 = Debug|Any CPU
		{CD9D4ECE-308F-4339-85FA-CDE1B97AC61A}.Release|Any CPU.ActiveCfg = Release|Any CPU
		{CD9D4ECE-308F-4339-85FA-CDE1B97AC61A}.Release|Any CPU.Build.0 = Release|Any CPU
		{B126C363-40A8-4685-B9DD-6856807905F3}.Debug|Any CPU.ActiveCfg = Debug|Any CPU
		{B126C363-40A8-4685-B9DD-6856807905F3}.Debug|Any CPU.Build.0 = Debug|Any CPU
		{B126C363-40A8-4685-B9DD-6856807905F3}.Release|Any CPU.ActiveCfg = Release|Any CPU
		{B126C363-40A8-4685-B9DD-6856807905F3}.Release|Any CPU.Build.0 = Release|Any CPU
		{58EA5C49-74F3-415E-9829-3D35E00942DF}.Debug|Any CPU.ActiveCfg = Debug|Any CPU
		{58EA5C49-74F3-415E-9829-3D35E00942DF}.Debug|Any CPU.Build.0 = Debug|Any CPU
		{58EA5C49-74F3-415E-9829-3D35E00942DF}.Release|Any CPU.ActiveCfg = Release|Any CPU
		{58EA5C49-74F3-415E-9829-3D35E00942DF}.Release|Any CPU.Build.0 = Release|Any CPU
		{00474611-2BC8-4AA1-869C-AFA836D17447}.Debug|Any CPU.ActiveCfg = Debug|Any CPU
		{00474611-2BC8-4AA1-869C-AFA836D17447}.Debug|Any CPU.Build.0 = Debug|Any CPU
		{00474611-2BC8-4AA1-869C-AFA836D17447}.Release|Any CPU.ActiveCfg = Release|Any CPU
		{00474611-2BC8-4AA1-869C-AFA836D17447}.Release|Any CPU.Build.0 = Release|Any CPU
		{A7BE8B3C-3AD2-4ECC-96F0-B1B973A38577}.Debug|Any CPU.ActiveCfg = Debug|Any CPU
		{A7BE8B3C-3AD2-4ECC-96F0-B1B973A38577}.Debug|Any CPU.Build.0 = Debug|Any CPU
		{A7BE8B3C-3AD2-4ECC-96F0-B1B973A38577}.Release|Any CPU.ActiveCfg = Release|Any CPU
		{A7BE8B3C-3AD2-4ECC-96F0-B1B973A38577}.Release|Any CPU.Build.0 = Release|Any CPU
		{C00BD3A0-2E54-4E87-AD43-74CF2CF7EB13}.Debug|Any CPU.ActiveCfg = Debug|Any CPU
		{C00BD3A0-2E54-4E87-AD43-74CF2CF7EB13}.Debug|Any CPU.Build.0 = Debug|Any CPU
		{C00BD3A0-2E54-4E87-AD43-74CF2CF7EB13}.Release|Any CPU.ActiveCfg = Release|Any CPU
		{C00BD3A0-2E54-4E87-AD43-74CF2CF7EB13}.Release|Any CPU.Build.0 = Release|Any CPU
		{26B38FFB-5E47-48A0-9E3F-F93308D4D80A}.Debug|Any CPU.ActiveCfg = Debug|Any CPU
		{26B38FFB-5E47-48A0-9E3F-F93308D4D80A}.Debug|Any CPU.Build.0 = Debug|Any CPU
		{26B38FFB-5E47-48A0-9E3F-F93308D4D80A}.Release|Any CPU.ActiveCfg = Release|Any CPU
		{26B38FFB-5E47-48A0-9E3F-F93308D4D80A}.Release|Any CPU.Build.0 = Release|Any CPU
		{E71209D4-637B-4ACF-8033-0D858970F309}.Debug|Any CPU.ActiveCfg = Debug|Any CPU
		{E71209D4-637B-4ACF-8033-0D858970F309}.Debug|Any CPU.Build.0 = Debug|Any CPU
		{E71209D4-637B-4ACF-8033-0D858970F309}.Release|Any CPU.ActiveCfg = Release|Any CPU
		{E71209D4-637B-4ACF-8033-0D858970F309}.Release|Any CPU.Build.0 = Release|Any CPU
		{FC9DF50E-6FA8-4D85-8D80-513A61BC5743}.Debug|Any CPU.ActiveCfg = Debug|Any CPU
		{FC9DF50E-6FA8-4D85-8D80-513A61BC5743}.Debug|Any CPU.Build.0 = Debug|Any CPU
		{FC9DF50E-6FA8-4D85-8D80-513A61BC5743}.Release|Any CPU.ActiveCfg = Release|Any CPU
		{FC9DF50E-6FA8-4D85-8D80-513A61BC5743}.Release|Any CPU.Build.0 = Release|Any CPU
		{0E8BC499-DADD-42AB-A502-10C454F9C477}.Debug|Any CPU.ActiveCfg = Debug|Any CPU
		{0E8BC499-DADD-42AB-A502-10C454F9C477}.Debug|Any CPU.Build.0 = Debug|Any CPU
		{0E8BC499-DADD-42AB-A502-10C454F9C477}.Release|Any CPU.ActiveCfg = Release|Any CPU
		{0E8BC499-DADD-42AB-A502-10C454F9C477}.Release|Any CPU.Build.0 = Release|Any CPU
		{F1479E3D-F874-4F86-99AE-8A1B1FDB2A99}.Debug|Any CPU.ActiveCfg = Debug|Any CPU
		{F1479E3D-F874-4F86-99AE-8A1B1FDB2A99}.Debug|Any CPU.Build.0 = Debug|Any CPU
		{F1479E3D-F874-4F86-99AE-8A1B1FDB2A99}.Release|Any CPU.ActiveCfg = Release|Any CPU
		{F1479E3D-F874-4F86-99AE-8A1B1FDB2A99}.Release|Any CPU.Build.0 = Release|Any CPU
		{A7FFE5F3-D225-4AFE-B665-AAAF755128EE}.Debug|Any CPU.ActiveCfg = Debug|Any CPU
		{A7FFE5F3-D225-4AFE-B665-AAAF755128EE}.Debug|Any CPU.Build.0 = Debug|Any CPU
		{A7FFE5F3-D225-4AFE-B665-AAAF755128EE}.Release|Any CPU.ActiveCfg = Release|Any CPU
		{A7FFE5F3-D225-4AFE-B665-AAAF755128EE}.Release|Any CPU.Build.0 = Release|Any CPU
	EndGlobalSection
	GlobalSection(SolutionProperties) = preSolution
		HideSolutionNode = FALSE
	EndGlobalSection
	GlobalSection(NestedProjects) = preSolution
		{960ACFAB-370D-405C-BCB0-E9C3F7125E71} = {793204AF-CC42-4D7D-9273-68F3970BB8A4}
		{1B7349D3-7FD4-431A-802B-13278DA66461} = {D3F00D15-8331-4732-954D-83400870F283}
		{91D2EA0E-D7AD-4EFF-B9A6-BB29E570D5CB} = {D3F00D15-8331-4732-954D-83400870F283}
		{9EF5894D-AAEF-4CCA-9AF3-C7E93429DA16} = {D3F00D15-8331-4732-954D-83400870F283}
		{E51D4353-6B17-46F6-80A7-E569AE83841C} = {D3F00D15-8331-4732-954D-83400870F283}
		{85FD0994-8837-47CC-9E81-D72FE86528B6} = {D3F00D15-8331-4732-954D-83400870F283}
		{CD9D4ECE-308F-4339-85FA-CDE1B97AC61A} = {793204AF-CC42-4D7D-9273-68F3970BB8A4}
		{B126C363-40A8-4685-B9DD-6856807905F3} = {793204AF-CC42-4D7D-9273-68F3970BB8A4}
		{58EA5C49-74F3-415E-9829-3D35E00942DF} = {793204AF-CC42-4D7D-9273-68F3970BB8A4}
		{00474611-2BC8-4AA1-869C-AFA836D17447} = {B532F313-592A-468A-83EB-7D9E250AB199}
		{A7BE8B3C-3AD2-4ECC-96F0-B1B973A38577} = {B532F313-592A-468A-83EB-7D9E250AB199}
		{C00BD3A0-2E54-4E87-AD43-74CF2CF7EB13} = {B532F313-592A-468A-83EB-7D9E250AB199}
		{26B38FFB-5E47-48A0-9E3F-F93308D4D80A} = {D3F00D15-8331-4732-954D-83400870F283}
		{E71209D4-637B-4ACF-8033-0D858970F309} = {D3F00D15-8331-4732-954D-83400870F283}
		{FC9DF50E-6FA8-4D85-8D80-513A61BC5743} = {D3F00D15-8331-4732-954D-83400870F283}
		{0E8BC499-DADD-42AB-A502-10C454F9C477} = {D7520E74-0E3A-4ACA-A44D-D669C60A97C1}
		{F1479E3D-F874-4F86-99AE-8A1B1FDB2A99} = {D7520E74-0E3A-4ACA-A44D-D669C60A97C1}
		{A7FFE5F3-D225-4AFE-B665-AAAF755128EE} = {D7520E74-0E3A-4ACA-A44D-D669C60A97C1}
	EndGlobalSection
	GlobalSection(ExtensibilityGlobals) = postSolution
		SolutionGuid = {91F9ACDE-7440-4689-8F79-5D5A360133A5}
	EndGlobalSection
EndGlobal
