
Microsoft Visual Studio Solution File, Format Version 12.00
# Visual Studio 15
VisualStudioVersion = 15.0.27703.2026
MinimumVisualStudioVersion = 10.0.40219.1
Project("{9A19103F-16F7-4668-BE54-9A1E7A4F7556}") = "SharpLife.Engine", "SharpLife.Engine\SharpLife.Engine.csproj", "{960ACFAB-370D-405C-BCB0-E9C3F7125E71}"
EndProject
Project("{9A19103F-16F7-4668-BE54-9A1E7A4F7556}") = "SharpLife.FileSystem", "SharpLife.FileSystem\SharpLife.FileSystem.csproj", "{1B7349D3-7FD4-431A-802B-13278DA66461}"
EndProject
Project("{9A19103F-16F7-4668-BE54-9A1E7A4F7556}") = "SharpLife.Renderer", "SharpLife.Renderer\SharpLife.Renderer.csproj", "{91D2EA0E-D7AD-4EFF-B9A6-BB29E570D5CB}"
EndProject
Project("{9A19103F-16F7-4668-BE54-9A1E7A4F7556}") = "SharpLife.Input", "SharpLife.Input\SharpLife.Input.csproj", "{9EF5894D-AAEF-4CCA-9AF3-C7E93429DA16}"
EndProject
Global
	GlobalSection(SolutionConfigurationPlatforms) = preSolution
		Debug|Any CPU = Debug|Any CPU
		Release|Any CPU = Release|Any CPU
	EndGlobalSection
	GlobalSection(ProjectConfigurationPlatforms) = postSolution
		{960ACFAB-370D-405C-BCB0-E9C3F7125E71}.Debug|Any CPU.ActiveCfg = Debug|Any CPU
		{960ACFAB-370D-405C-BCB0-E9C3F7125E71}.Debug|Any CPU.Build.0 = Debug|Any CPU
		{960ACFAB-370D-405C-BCB0-E9C3F7125E71}.Release|Any CPU.ActiveCfg = Release|Any CPU
		{960ACFAB-370D-405C-BCB0-E9C3F7125E71}.Release|Any CPU.Build.0 = Release|Any CPU
		{1B7349D3-7FD4-431A-802B-13278DA66461}.Debug|Any CPU.ActiveCfg = Debug|Any CPU
		{1B7349D3-7FD4-431A-802B-13278DA66461}.Debug|Any CPU.Build.0 = Debug|Any CPU
		{1B7349D3-7FD4-431A-802B-13278DA66461}.Release|Any CPU.ActiveCfg = Release|Any CPU
		{1B7349D3-7FD4-431A-802B-13278DA66461}.Release|Any CPU.Build.0 = Release|Any CPU
		{91D2EA0E-D7AD-4EFF-B9A6-BB29E570D5CB}.Debug|Any CPU.ActiveCfg = Debug|Any CPU
		{91D2EA0E-D7AD-4EFF-B9A6-BB29E570D5CB}.Debug|Any CPU.Build.0 = Debug|Any CPU
		{91D2EA0E-D7AD-4EFF-B9A6-BB29E570D5CB}.Release|Any CPU.ActiveCfg = Release|Any CPU
		{91D2EA0E-D7AD-4EFF-B9A6-BB29E570D5CB}.Release|Any CPU.Build.0 = Release|Any CPU
		{9EF5894D-AAEF-4CCA-9AF3-C7E93429DA16}.Debug|Any CPU.ActiveCfg = Debug|Any CPU
		{9EF5894D-AAEF-4CCA-9AF3-C7E93429DA16}.Debug|Any CPU.Build.0 = Debug|Any CPU
		{9EF5894D-AAEF-4CCA-9AF3-C7E93429DA16}.Release|Any CPU.ActiveCfg = Release|Any CPU
		{9EF5894D-AAEF-4CCA-9AF3-C7E93429DA16}.Release|Any CPU.Build.0 = Release|Any CPU
	EndGlobalSection
	GlobalSection(SolutionProperties) = preSolution
		HideSolutionNode = FALSE
	EndGlobalSection
	GlobalSection(ExtensibilityGlobals) = postSolution
		SolutionGuid = {91F9ACDE-7440-4689-8F79-5D5A360133A5}
	EndGlobalSection
EndGlobal
